github.com/blakesmith/ar v0.0.0-20190502131153-809d4375e1fb h1:m935MPodAbYS46DG4pJSv7WO+VECIWUQ7OJYSoTrMh4=
github.com/blakesmith/ar v0.0.0-20190502131153-809d4375e1fb/go.mod h1:PkYb9DJNAwrSvRx5DYA+gUcOIgTGVMNkfSCbZM8cWpI=
github.com/erikgeiser/ar v0.0.0-20230310200753-fb6b8bb217f0 h1:wWOCmhGp5ebnKGv779HmTr0EuegedsCR/egFpyV3b1w=
github.com/erikgeiser/ar v0.0.0-20230310200753-fb6b8bb217f0/go.mod h1:s9xUpVWR70g0mg48YTzgzRG1h7HwzvxTOjPXcww052Y=
github.com/setanta314/ar v0.0.0-20190524173558-797cd0c6714c h1:pecK6CcdvtjRwjindJjED9lfys6kavWUTZ2biWe5ai8=
github.com/setanta314/ar v0.0.0-20190524173558-797cd0c6714c/go.mod h1:b82dHuUnZUnMn3jl+Fqf6zH0VkpxG7dGOCGnRQxb7d8=
